
Microsoft Visual Studio Solution File, Format Version 12.00
# Visual Studio Version 16
VisualStudioVersion = 16.0.31313.79
MinimumVisualStudioVersion = 10.0.40219.1
Project("{FAE04EC0-301F-11D3-BF4B-00C04F79EFBC}") = "KiwiSnap", "KiwiSnap\KiwiSnap.csproj", "{EBE6F036-6EAF-40F2-BED4-8503AB82313A}"
EndProject
Global
	GlobalSection(SolutionConfigurationPlatforms) = preSolution
		Debug|Any CPU = Debug|Any CPU
		Release|Any CPU = Release|Any CPU
	EndGlobalSection
	GlobalSection(ProjectConfigurationPlatforms) = postSolution
		{EBE6F036-6EAF-40F2-BED4-8503AB82313A}.Debug|Any CPU.ActiveCfg = Debug|Any CPU
		{EBE6F036-6EAF-40F2-BED4-8503AB82313A}.Debug|Any CPU.Build.0 = Debug|Any CPU
		{EBE6F036-6EAF-40F2-BED4-8503AB82313A}.Release|Any CPU.ActiveCfg = Release|Any CPU
		{EBE6F036-6EAF-40F2-BED4-8503AB82313A}.Release|Any CPU.Build.0 = Release|Any CPU
	EndGlobalSection
	GlobalSection(SolutionProperties) = preSolution
		HideSolutionNode = FALSE
	EndGlobalSection
	GlobalSection(ExtensibilityGlobals) = postSolution
		SolutionGuid = {D2EBEF7D-2D29-4E48-84AC-D64118D5FE3D}
	EndGlobalSection
EndGlobal
